
Microsoft Visual Studio Solution File, Format Version 12.00
# Visual Studio Version 17
VisualStudioVersion = 17.8.34309.116
MinimumVisualStudioVersion = 10.0.40219.1
Project("{FAE04EC0-301F-11D3-BF4B-00C04F79EFBC}") = "tyuiu.oop.NatalyinIN.NetCoreWebAppLibrary", "tyuiu.oop.NatalyinIN.NetCoreWebAppLibrary\tyuiu.oop.NatalyinIN.NetCoreWebAppLibrary.csproj", "{EEEEA780-2B98-4635-9650-313C26F157CE}"
EndProject
Global
	GlobalSection(SolutionConfigurationPlatforms) = preSolution
		Debug|Any CPU = Debug|Any CPU
		Release|Any CPU = Release|Any CPU
	EndGlobalSection
	GlobalSection(ProjectConfigurationPlatforms) = postSolution
		{EEEEA780-2B98-4635-9650-313C26F157CE}.Debug|Any CPU.ActiveCfg = Debug|Any CPU
		{EEEEA780-2B98-4635-9650-313C26F157CE}.Debug|Any CPU.Build.0 = Debug|Any CPU
		{EEEEA780-2B98-4635-9650-313C26F157CE}.Release|Any CPU.ActiveCfg = Release|Any CPU
		{EEEEA780-2B98-4635-9650-313C26F157CE}.Release|Any CPU.Build.0 = Release|Any CPU
	EndGlobalSection
	GlobalSection(SolutionProperties) = preSolution
		HideSolutionNode = FALSE
	EndGlobalSection
	GlobalSection(ExtensibilityGlobals) = postSolution
		SolutionGuid = {58AA7349-5258-4E21-9A71-EA9790C7420B}
	EndGlobalSection
EndGlobal
